
Microsoft Visual Studio Solution File, Format Version 12.00
# Visual Studio Version 17
VisualStudioVersion = 17.14.36401.2 d17.14
MinimumVisualStudioVersion = 10.0.40219.1
Project("{FAE04EC0-301F-11D3-BF4B-00C04F79EFBC}") = "Primer hola mundo Winforms .NET Framework", "Primer hola mundo Winforms .NET Framework\Primer hola mundo Winforms .NET Framework.csproj", "{572E1989-470C-4D08-BA09-477768C2ADAF}"
EndProject
Global
	GlobalSection(SolutionConfigurationPlatforms) = preSolution
		Debug|Any CPU = Debug|Any CPU
		Release|Any CPU = Release|Any CPU
	EndGlobalSection
	GlobalSection(ProjectConfigurationPlatforms) = postSolution
		{572E1989-470C-4D08-BA09-477768C2ADAF}.Debug|Any CPU.ActiveCfg = Debug|Any CPU
		{572E1989-470C-4D08-BA09-477768C2ADAF}.Debug|Any CPU.Build.0 = Debug|Any CPU
		{572E1989-470C-4D08-BA09-477768C2ADAF}.Release|Any CPU.ActiveCfg = Release|Any CPU
		{572E1989-470C-4D08-BA09-477768C2ADAF}.Release|Any CPU.Build.0 = Release|Any CPU
	EndGlobalSection
	GlobalSection(SolutionProperties) = preSolution
		HideSolutionNode = FALSE
	EndGlobalSection
	GlobalSection(ExtensibilityGlobals) = postSolution
		SolutionGuid = {636AED24-10A9-4F6C-A51E-0C4DB804EF51}
	EndGlobalSection
EndGlobal
